
Microsoft Visual Studio Solution File, Format Version 12.00
# Visual Studio Version 16
VisualStudioVersion = 16.0.32228.343
MinimumVisualStudioVersion = 10.0.40219.1
Project("{FAE04EC0-301F-11D3-BF4B-00C04F79EFBC}") = "AppExamen", "AppExamen\AppExamen.csproj", "{123C7524-9600-4DFD-91E0-F32A1E2B5797}"
EndProject
Project("{FAE04EC0-301F-11D3-BF4B-00C04F79EFBC}") = "Domain", "Domain\Domain.csproj", "{1E1D49AC-29EB-4A66-BD17-56ACDB2EF6AD}"
EndProject
Project("{FAE04EC0-301F-11D3-BF4B-00C04F79EFBC}") = "infraestructure", "infraestructure\infraestructure.csproj", "{4F079546-27F2-43A3-B947-A12F0AD1569B}"
EndProject
Project("{FAE04EC0-301F-11D3-BF4B-00C04F79EFBC}") = "AppCore", "AppCore\AppCore.csproj", "{B37C0C30-31C6-4F89-86AE-1BE9A433CACD}"
EndProject
Global
	GlobalSection(SolutionConfigurationPlatforms) = preSolution
		Debug|Any CPU = Debug|Any CPU
		Release|Any CPU = Release|Any CPU
	EndGlobalSection
	GlobalSection(ProjectConfigurationPlatforms) = postSolution
		{123C7524-9600-4DFD-91E0-F32A1E2B5797}.Debug|Any CPU.ActiveCfg = Debug|Any CPU
		{123C7524-9600-4DFD-91E0-F32A1E2B5797}.Debug|Any CPU.Build.0 = Debug|Any CPU
		{123C7524-9600-4DFD-91E0-F32A1E2B5797}.Release|Any CPU.ActiveCfg = Release|Any CPU
		{123C7524-9600-4DFD-91E0-F32A1E2B5797}.Release|Any CPU.Build.0 = Release|Any CPU
		{1E1D49AC-29EB-4A66-BD17-56ACDB2EF6AD}.Debug|Any CPU.ActiveCfg = Debug|Any CPU
		{1E1D49AC-29EB-4A66-BD17-56ACDB2EF6AD}.Debug|Any CPU.Build.0 = Debug|Any CPU
		{1E1D49AC-29EB-4A66-BD17-56ACDB2EF6AD}.Release|Any CPU.ActiveCfg = Release|Any CPU
		{1E1D49AC-29EB-4A66-BD17-56ACDB2EF6AD}.Release|Any CPU.Build.0 = Release|Any CPU
		{4F079546-27F2-43A3-B947-A12F0AD1569B}.Debug|Any CPU.ActiveCfg = Debug|Any CPU
		{4F079546-27F2-43A3-B947-A12F0AD1569B}.Debug|Any CPU.Build.0 = Debug|Any CPU
		{4F079546-27F2-43A3-B947-A12F0AD1569B}.Release|Any CPU.ActiveCfg = Release|Any CPU
		{4F079546-27F2-43A3-B947-A12F0AD1569B}.Release|Any CPU.Build.0 = Release|Any CPU
		{B37C0C30-31C6-4F89-86AE-1BE9A433CACD}.Debug|Any CPU.ActiveCfg = Debug|Any CPU
		{B37C0C30-31C6-4F89-86AE-1BE9A433CACD}.Debug|Any CPU.Build.0 = Debug|Any CPU
		{B37C0C30-31C6-4F89-86AE-1BE9A433CACD}.Release|Any CPU.ActiveCfg = Release|Any CPU
		{B37C0C30-31C6-4F89-86AE-1BE9A433CACD}.Release|Any CPU.Build.0 = Release|Any CPU
	EndGlobalSection
	GlobalSection(SolutionProperties) = preSolution
		HideSolutionNode = FALSE
	EndGlobalSection
	GlobalSection(ExtensibilityGlobals) = postSolution
		SolutionGuid = {48F5062E-EBD0-4CD6-A3B1-B76F870875F6}
	EndGlobalSection
EndGlobal
